
Microsoft Visual Studio Solution File, Format Version 12.00
# Visual Studio Version 17
VisualStudioVersion = 17.1.32421.90
MinimumVisualStudioVersion = 10.0.40219.1
Project("{9A19103F-16F7-4668-BE54-9A1E7A4F7556}") = "Exemplos", "Exemplos\Exemplos.csproj", "{49891CDE-41D4-4BF6-BBD8-EB4899E07704}"
EndProject
Project("{9A19103F-16F7-4668-BE54-9A1E7A4F7556}") = "contador", "contador\contador.csproj", "{5F037F88-8573-419A-969E-E62BC3552328}"
EndProject
Project("{9A19103F-16F7-4668-BE54-9A1E7A4F7556}") = "numerosPrimos", "numerosPrimos\numerosPrimos.csproj", "{CF59673F-66F4-4822-825C-7FC08EA9580C}"
EndProject
Project("{9A19103F-16F7-4668-BE54-9A1E7A4F7556}") = "1059", "1059\1059.csproj", "{07AC4F68-5348-40C3-8C4D-34A1FD7D9B2E}"
EndProject
Project("{9A19103F-16F7-4668-BE54-9A1E7A4F7556}") = "1060", "1060\1060.csproj", "{0D8A4E73-AF5E-4AAE-96B1-C837A68BE02F}"
EndProject
Project("{9A19103F-16F7-4668-BE54-9A1E7A4F7556}") = "1064", "1064\1064.csproj", "{83BD0F5D-AF16-492C-90BA-8733259D8A6E}"
EndProject
Project("{9A19103F-16F7-4668-BE54-9A1E7A4F7556}") = "funções", "funções\funções.csproj", "{4957499E-70AD-4033-A4E2-0AEE83559BC2}"
EndProject
Project("{9A19103F-16F7-4668-BE54-9A1E7A4F7556}") = "1066", "1066\1066.csproj", "{D8F802E2-853A-450E-93AF-5042D3B52F70}"
EndProject
Project("{9A19103F-16F7-4668-BE54-9A1E7A4F7556}") = "1067", "1067\1067.csproj", "{56BA949F-78DD-4B8F-AD0D-6D68859AEE1B}"
EndProject
Project("{9A19103F-16F7-4668-BE54-9A1E7A4F7556}") = "Vetores", "Vetores\Vetores.csproj", "{22A0A645-21D0-48DC-BDED-7EA199A14011}"
EndProject
Project("{9A19103F-16F7-4668-BE54-9A1E7A4F7556}") = "Matrizes", "Matrizes\Matrizes.csproj", "{E99F94CD-93BD-4471-91E9-51AAC887544F}"
EndProject
Project("{9A19103F-16F7-4668-BE54-9A1E7A4F7556}") = "1037", "1007\1037.csproj", "{8F16263F-F129-4BA6-82C8-3BC502679C3A}"
EndProject
Project("{9A19103F-16F7-4668-BE54-9A1E7A4F7556}") = "1048", "1048\1048.csproj", "{63BEC40C-53E0-40ED-97EF-DE46EC87E8A6}"
EndProject
Project("{9A19103F-16F7-4668-BE54-9A1E7A4F7556}") = "1049", "1049\1049.csproj", "{72085FFB-F15C-43FB-A7A3-C923BE1271AA}"
EndProject
Project("{9A19103F-16F7-4668-BE54-9A1E7A4F7556}") = "1173", "CampoMinado\1173.csproj", "{B3F89A63-E22F-4C68-8115-54D6A84B09AF}"
EndProject
Project("{9A19103F-16F7-4668-BE54-9A1E7A4F7556}") = "1050", "1050\1050.csproj", "{EA5F03E4-D7C1-4FFC-82B7-798EA2B9C553}"
EndProject
Project("{9A19103F-16F7-4668-BE54-9A1E7A4F7556}") = "1070", "1070\1070.csproj", "{B0DDFFB8-9D1D-468B-A554-D736891DEE4B}"
EndProject
Project("{9A19103F-16F7-4668-BE54-9A1E7A4F7556}") = "1072", "1072\1072.csproj", "{D950970D-0993-4A1E-B2C9-B09B3CBD62C8}"
EndProject
Project("{9A19103F-16F7-4668-BE54-9A1E7A4F7556}") = "1073", "1073\1073.csproj", "{6210243D-8282-4473-9387-7375D1EE68F4}"
EndProject
Project("{9A19103F-16F7-4668-BE54-9A1E7A4F7556}") = "1142", "1142\1142.csproj", "{563A59CC-78DB-490E-AEE8-E80753C4273F}"
EndProject
Project("{9A19103F-16F7-4668-BE54-9A1E7A4F7556}") = "1165", "1165\1165.csproj", "{75B7C5C0-C560-4CDB-AE50-5821BC4F0023}"
EndProject
Project("{9A19103F-16F7-4668-BE54-9A1E7A4F7556}") = "1174", "1174\1174.csproj", "{F3B6FAB5-CA7B-434B-9FEA-B643D4BA6CAC}"
EndProject
Project("{9A19103F-16F7-4668-BE54-9A1E7A4F7556}") = "1175", "1175\1175.csproj", "{3F8D8005-22F7-432E-A51E-36EFB044AF19}"
EndProject
Project("{9A19103F-16F7-4668-BE54-9A1E7A4F7556}") = "1180", "1180\1180.csproj", "{0FF05476-9C45-419A-A2EB-42F0E2E06D3E}"
EndProject
Project("{9A19103F-16F7-4668-BE54-9A1E7A4F7556}") = "1914", "1914\1914.csproj", "{6033A85C-7683-4349-B879-D3623463A5BC}"
EndProject
Project("{9A19103F-16F7-4668-BE54-9A1E7A4F7556}") = "2949", "2949\2949.csproj", "{36B0CAA3-7F0D-4A6C-9621-023BBD1EFEFB}"
EndProject
Project("{9A19103F-16F7-4668-BE54-9A1E7A4F7556}") = "1042", "1042\1042.csproj", "{BFE58F09-48DC-4661-86B6-B511A5DBFDBD}"
EndProject
Project("{9A19103F-16F7-4668-BE54-9A1E7A4F7556}") = "1087", "1087\1087.csproj", "{7B2A08BD-FCE1-42C8-9153-818216244F66}"
EndProject
Project("{9A19103F-16F7-4668-BE54-9A1E7A4F7556}") = "2787", "2787\2787.csproj", "{B395BB17-9F21-4585-AB31-CD1AE943F38A}"
EndProject
Project("{9A19103F-16F7-4668-BE54-9A1E7A4F7556}") = "1435", "1435\1435.csproj", "{40AA1598-A948-4394-8EE1-0914418ED4CF}"
EndProject
Project("{9A19103F-16F7-4668-BE54-9A1E7A4F7556}") = "1168", "1168\1168.csproj", "{EC8EB233-AA8F-4719-9A76-3CC215E9E4BA}"
EndProject
Project("{9A19103F-16F7-4668-BE54-9A1E7A4F7556}") = "1140", "1140\1140.csproj", "{9CDB7151-A58F-4D2C-9A45-9CFBC91630E6}"
EndProject
Project("{9A19103F-16F7-4668-BE54-9A1E7A4F7556}") = "1103", "1103\1103.csproj", "{6183DCF1-A2C3-411C-A77D-BCAE2371005E}"
EndProject
Project("{9A19103F-16F7-4668-BE54-9A1E7A4F7556}") = "Classe", "OrientaçãoObjetos\Classe.csproj", "{2C8C5929-45CD-4CD4-9967-E5D645406EE8}"
EndProject
Project("{9A19103F-16F7-4668-BE54-9A1E7A4F7556}") = "frota", "frota\frota.csproj", "{25CCE880-31EC-4B5E-B6DC-C94F681043B3}"
EndProject
Project("{9A19103F-16F7-4668-BE54-9A1E7A4F7556}") = "Encapsulamento", "Encapsulamento\Encapsulamento.csproj", "{F3D13C52-7029-41A2-95F6-E57EB2E36662}"
EndProject
Project("{9A19103F-16F7-4668-BE54-9A1E7A4F7556}") = "TesteOrientacoesObjeto", "TesteOrientacoesObjeto\TesteOrientacoesObjeto.csproj", "{6AC4436A-D5C7-41F4-8B5B-65A6445CCAA4}"
EndProject
Project("{FAE04EC0-301F-11D3-BF4B-00C04F79EFBC}") = "Heranças", "Heranca\Heranças.csproj", "{30A0F66B-90A8-40E9-82C1-92CA27B58934}"
EndProject
Global
	GlobalSection(SolutionConfigurationPlatforms) = preSolution
		Debug|Any CPU = Debug|Any CPU
		Release|Any CPU = Release|Any CPU
	EndGlobalSection
	GlobalSection(ProjectConfigurationPlatforms) = postSolution
		{49891CDE-41D4-4BF6-BBD8-EB4899E07704}.Debug|Any CPU.ActiveCfg = Debug|Any CPU
		{49891CDE-41D4-4BF6-BBD8-EB4899E07704}.Debug|Any CPU.Build.0 = Debug|Any CPU
		{49891CDE-41D4-4BF6-BBD8-EB4899E07704}.Release|Any CPU.ActiveCfg = Release|Any CPU
		{49891CDE-41D4-4BF6-BBD8-EB4899E07704}.Release|Any CPU.Build.0 = Release|Any CPU
		{5F037F88-8573-419A-969E-E62BC3552328}.Debug|Any CPU.ActiveCfg = Debug|Any CPU
		{5F037F88-8573-419A-969E-E62BC3552328}.Debug|Any CPU.Build.0 = Debug|Any CPU
		{5F037F88-8573-419A-969E-E62BC3552328}.Release|Any CPU.ActiveCfg = Release|Any CPU
		{5F037F88-8573-419A-969E-E62BC3552328}.Release|Any CPU.Build.0 = Release|Any CPU
		{CF59673F-66F4-4822-825C-7FC08EA9580C}.Debug|Any CPU.ActiveCfg = Debug|Any CPU
		{CF59673F-66F4-4822-825C-7FC08EA9580C}.Debug|Any CPU.Build.0 = Debug|Any CPU
		{CF59673F-66F4-4822-825C-7FC08EA9580C}.Release|Any CPU.ActiveCfg = Release|Any CPU
		{CF59673F-66F4-4822-825C-7FC08EA9580C}.Release|Any CPU.Build.0 = Release|Any CPU
		{07AC4F68-5348-40C3-8C4D-34A1FD7D9B2E}.Debug|Any CPU.ActiveCfg = Debug|Any CPU
		{07AC4F68-5348-40C3-8C4D-34A1FD7D9B2E}.Debug|Any CPU.Build.0 = Debug|Any CPU
		{07AC4F68-5348-40C3-8C4D-34A1FD7D9B2E}.Release|Any CPU.ActiveCfg = Release|Any CPU
		{07AC4F68-5348-40C3-8C4D-34A1FD7D9B2E}.Release|Any CPU.Build.0 = Release|Any CPU
		{0D8A4E73-AF5E-4AAE-96B1-C837A68BE02F}.Debug|Any CPU.ActiveCfg = Debug|Any CPU
		{0D8A4E73-AF5E-4AAE-96B1-C837A68BE02F}.Debug|Any CPU.Build.0 = Debug|Any CPU
		{0D8A4E73-AF5E-4AAE-96B1-C837A68BE02F}.Release|Any CPU.ActiveCfg = Release|Any CPU
		{0D8A4E73-AF5E-4AAE-96B1-C837A68BE02F}.Release|Any CPU.Build.0 = Release|Any CPU
		{83BD0F5D-AF16-492C-90BA-8733259D8A6E}.Debug|Any CPU.ActiveCfg = Debug|Any CPU
		{83BD0F5D-AF16-492C-90BA-8733259D8A6E}.Debug|Any CPU.Build.0 = Debug|Any CPU
		{83BD0F5D-AF16-492C-90BA-8733259D8A6E}.Release|Any CPU.ActiveCfg = Release|Any CPU
		{83BD0F5D-AF16-492C-90BA-8733259D8A6E}.Release|Any CPU.Build.0 = Release|Any CPU
		{4957499E-70AD-4033-A4E2-0AEE83559BC2}.Debug|Any CPU.ActiveCfg = Debug|Any CPU
		{4957499E-70AD-4033-A4E2-0AEE83559BC2}.Debug|Any CPU.Build.0 = Debug|Any CPU
		{4957499E-70AD-4033-A4E2-0AEE83559BC2}.Release|Any CPU.ActiveCfg = Release|Any CPU
		{4957499E-70AD-4033-A4E2-0AEE83559BC2}.Release|Any CPU.Build.0 = Release|Any CPU
		{D8F802E2-853A-450E-93AF-5042D3B52F70}.Debug|Any CPU.ActiveCfg = Debug|Any CPU
		{D8F802E2-853A-450E-93AF-5042D3B52F70}.Debug|Any CPU.Build.0 = Debug|Any CPU
		{D8F802E2-853A-450E-93AF-5042D3B52F70}.Release|Any CPU.ActiveCfg = Release|Any CPU
		{D8F802E2-853A-450E-93AF-5042D3B52F70}.Release|Any CPU.Build.0 = Release|Any CPU
		{56BA949F-78DD-4B8F-AD0D-6D68859AEE1B}.Debug|Any CPU.ActiveCfg = Debug|Any CPU
		{56BA949F-78DD-4B8F-AD0D-6D68859AEE1B}.Debug|Any CPU.Build.0 = Debug|Any CPU
		{56BA949F-78DD-4B8F-AD0D-6D68859AEE1B}.Release|Any CPU.ActiveCfg = Release|Any CPU
		{56BA949F-78DD-4B8F-AD0D-6D68859AEE1B}.Release|Any CPU.Build.0 = Release|Any CPU
		{22A0A645-21D0-48DC-BDED-7EA199A14011}.Debug|Any CPU.ActiveCfg = Debug|Any CPU
		{22A0A645-21D0-48DC-BDED-7EA199A14011}.Debug|Any CPU.Build.0 = Debug|Any CPU
		{22A0A645-21D0-48DC-BDED-7EA199A14011}.Release|Any CPU.ActiveCfg = Release|Any CPU
		{22A0A645-21D0-48DC-BDED-7EA199A14011}.Release|Any CPU.Build.0 = Release|Any CPU
		{E99F94CD-93BD-4471-91E9-51AAC887544F}.Debug|Any CPU.ActiveCfg = Debug|Any CPU
		{E99F94CD-93BD-4471-91E9-51AAC887544F}.Debug|Any CPU.Build.0 = Debug|Any CPU
		{E99F94CD-93BD-4471-91E9-51AAC887544F}.Release|Any CPU.ActiveCfg = Release|Any CPU
		{E99F94CD-93BD-4471-91E9-51AAC887544F}.Release|Any CPU.Build.0 = Release|Any CPU
		{8F16263F-F129-4BA6-82C8-3BC502679C3A}.Debug|Any CPU.ActiveCfg = Debug|Any CPU
		{8F16263F-F129-4BA6-82C8-3BC502679C3A}.Debug|Any CPU.Build.0 = Debug|Any CPU
		{8F16263F-F129-4BA6-82C8-3BC502679C3A}.Release|Any CPU.ActiveCfg = Release|Any CPU
		{8F16263F-F129-4BA6-82C8-3BC502679C3A}.Release|Any CPU.Build.0 = Release|Any CPU
		{63BEC40C-53E0-40ED-97EF-DE46EC87E8A6}.Debug|Any CPU.ActiveCfg = Debug|Any CPU
		{63BEC40C-53E0-40ED-97EF-DE46EC87E8A6}.Debug|Any CPU.Build.0 = Debug|Any CPU
		{63BEC40C-53E0-40ED-97EF-DE46EC87E8A6}.Release|Any CPU.ActiveCfg = Release|Any CPU
		{63BEC40C-53E0-40ED-97EF-DE46EC87E8A6}.Release|Any CPU.Build.0 = Release|Any CPU
		{72085FFB-F15C-43FB-A7A3-C923BE1271AA}.Debug|Any CPU.ActiveCfg = Debug|Any CPU
		{72085FFB-F15C-43FB-A7A3-C923BE1271AA}.Debug|Any CPU.Build.0 = Debug|Any CPU
		{72085FFB-F15C-43FB-A7A3-C923BE1271AA}.Release|Any CPU.ActiveCfg = Release|Any CPU
		{72085FFB-F15C-43FB-A7A3-C923BE1271AA}.Release|Any CPU.Build.0 = Release|Any CPU
		{B3F89A63-E22F-4C68-8115-54D6A84B09AF}.Debug|Any CPU.ActiveCfg = Debug|Any CPU
		{B3F89A63-E22F-4C68-8115-54D6A84B09AF}.Debug|Any CPU.Build.0 = Debug|Any CPU
		{B3F89A63-E22F-4C68-8115-54D6A84B09AF}.Release|Any CPU.ActiveCfg = Release|Any CPU
		{B3F89A63-E22F-4C68-8115-54D6A84B09AF}.Release|Any CPU.Build.0 = Release|Any CPU
		{EA5F03E4-D7C1-4FFC-82B7-798EA2B9C553}.Debug|Any CPU.ActiveCfg = Debug|Any CPU
		{EA5F03E4-D7C1-4FFC-82B7-798EA2B9C553}.Debug|Any CPU.Build.0 = Debug|Any CPU
		{EA5F03E4-D7C1-4FFC-82B7-798EA2B9C553}.Release|Any CPU.ActiveCfg = Release|Any CPU
		{EA5F03E4-D7C1-4FFC-82B7-798EA2B9C553}.Release|Any CPU.Build.0 = Release|Any CPU
		{B0DDFFB8-9D1D-468B-A554-D736891DEE4B}.Debug|Any CPU.ActiveCfg = Debug|Any CPU
		{B0DDFFB8-9D1D-468B-A554-D736891DEE4B}.Debug|Any CPU.Build.0 = Debug|Any CPU
		{B0DDFFB8-9D1D-468B-A554-D736891DEE4B}.Release|Any CPU.ActiveCfg = Release|Any CPU
		{B0DDFFB8-9D1D-468B-A554-D736891DEE4B}.Release|Any CPU.Build.0 = Release|Any CPU
		{D950970D-0993-4A1E-B2C9-B09B3CBD62C8}.Debug|Any CPU.ActiveCfg = Debug|Any CPU
		{D950970D-0993-4A1E-B2C9-B09B3CBD62C8}.Debug|Any CPU.Build.0 = Debug|Any CPU
		{D950970D-0993-4A1E-B2C9-B09B3CBD62C8}.Release|Any CPU.ActiveCfg = Release|Any CPU
		{D950970D-0993-4A1E-B2C9-B09B3CBD62C8}.Release|Any CPU.Build.0 = Release|Any CPU
		{6210243D-8282-4473-9387-7375D1EE68F4}.Debug|Any CPU.ActiveCfg = Debug|Any CPU
		{6210243D-8282-4473-9387-7375D1EE68F4}.Debug|Any CPU.Build.0 = Debug|Any CPU
		{6210243D-8282-4473-9387-7375D1EE68F4}.Release|Any CPU.ActiveCfg = Release|Any CPU
		{6210243D-8282-4473-9387-7375D1EE68F4}.Release|Any CPU.Build.0 = Release|Any CPU
		{563A59CC-78DB-490E-AEE8-E80753C4273F}.Debug|Any CPU.ActiveCfg = Debug|Any CPU
		{563A59CC-78DB-490E-AEE8-E80753C4273F}.Debug|Any CPU.Build.0 = Debug|Any CPU
		{563A59CC-78DB-490E-AEE8-E80753C4273F}.Release|Any CPU.ActiveCfg = Release|Any CPU
		{563A59CC-78DB-490E-AEE8-E80753C4273F}.Release|Any CPU.Build.0 = Release|Any CPU
		{75B7C5C0-C560-4CDB-AE50-5821BC4F0023}.Debug|Any CPU.ActiveCfg = Debug|Any CPU
		{75B7C5C0-C560-4CDB-AE50-5821BC4F0023}.Debug|Any CPU.Build.0 = Debug|Any CPU
		{75B7C5C0-C560-4CDB-AE50-5821BC4F0023}.Release|Any CPU.ActiveCfg = Release|Any CPU
		{75B7C5C0-C560-4CDB-AE50-5821BC4F0023}.Release|Any CPU.Build.0 = Release|Any CPU
		{F3B6FAB5-CA7B-434B-9FEA-B643D4BA6CAC}.Debug|Any CPU.ActiveCfg = Debug|Any CPU
		{F3B6FAB5-CA7B-434B-9FEA-B643D4BA6CAC}.Debug|Any CPU.Build.0 = Debug|Any CPU
		{F3B6FAB5-CA7B-434B-9FEA-B643D4BA6CAC}.Release|Any CPU.ActiveCfg = Release|Any CPU
		{F3B6FAB5-CA7B-434B-9FEA-B643D4BA6CAC}.Release|Any CPU.Build.0 = Release|Any CPU
		{3F8D8005-22F7-432E-A51E-36EFB044AF19}.Debug|Any CPU.ActiveCfg = Debug|Any CPU
		{3F8D8005-22F7-432E-A51E-36EFB044AF19}.Debug|Any CPU.Build.0 = Debug|Any CPU
		{3F8D8005-22F7-432E-A51E-36EFB044AF19}.Release|Any CPU.ActiveCfg = Release|Any CPU
		{3F8D8005-22F7-432E-A51E-36EFB044AF19}.Release|Any CPU.Build.0 = Release|Any CPU
		{0FF05476-9C45-419A-A2EB-42F0E2E06D3E}.Debug|Any CPU.ActiveCfg = Debug|Any CPU
		{0FF05476-9C45-419A-A2EB-42F0E2E06D3E}.Debug|Any CPU.Build.0 = Debug|Any CPU
		{0FF05476-9C45-419A-A2EB-42F0E2E06D3E}.Release|Any CPU.ActiveCfg = Release|Any CPU
		{0FF05476-9C45-419A-A2EB-42F0E2E06D3E}.Release|Any CPU.Build.0 = Release|Any CPU
		{6033A85C-7683-4349-B879-D3623463A5BC}.Debug|Any CPU.ActiveCfg = Debug|Any CPU
		{6033A85C-7683-4349-B879-D3623463A5BC}.Debug|Any CPU.Build.0 = Debug|Any CPU
		{6033A85C-7683-4349-B879-D3623463A5BC}.Release|Any CPU.ActiveCfg = Release|Any CPU
		{6033A85C-7683-4349-B879-D3623463A5BC}.Release|Any CPU.Build.0 = Release|Any CPU
		{36B0CAA3-7F0D-4A6C-9621-023BBD1EFEFB}.Debug|Any CPU.ActiveCfg = Debug|Any CPU
		{36B0CAA3-7F0D-4A6C-9621-023BBD1EFEFB}.Debug|Any CPU.Build.0 = Debug|Any CPU
		{36B0CAA3-7F0D-4A6C-9621-023BBD1EFEFB}.Release|Any CPU.ActiveCfg = Release|Any CPU
		{36B0CAA3-7F0D-4A6C-9621-023BBD1EFEFB}.Release|Any CPU.Build.0 = Release|Any CPU
		{BFE58F09-48DC-4661-86B6-B511A5DBFDBD}.Debug|Any CPU.ActiveCfg = Debug|Any CPU
		{BFE58F09-48DC-4661-86B6-B511A5DBFDBD}.Debug|Any CPU.Build.0 = Debug|Any CPU
		{BFE58F09-48DC-4661-86B6-B511A5DBFDBD}.Release|Any CPU.ActiveCfg = Release|Any CPU
		{BFE58F09-48DC-4661-86B6-B511A5DBFDBD}.Release|Any CPU.Build.0 = Release|Any CPU
		{7B2A08BD-FCE1-42C8-9153-818216244F66}.Debug|Any CPU.ActiveCfg = Debug|Any CPU
		{7B2A08BD-FCE1-42C8-9153-818216244F66}.Debug|Any CPU.Build.0 = Debug|Any CPU
		{7B2A08BD-FCE1-42C8-9153-818216244F66}.Release|Any CPU.ActiveCfg = Release|Any CPU
		{7B2A08BD-FCE1-42C8-9153-818216244F66}.Release|Any CPU.Build.0 = Release|Any CPU
		{B395BB17-9F21-4585-AB31-CD1AE943F38A}.Debug|Any CPU.ActiveCfg = Debug|Any CPU
		{B395BB17-9F21-4585-AB31-CD1AE943F38A}.Debug|Any CPU.Build.0 = Debug|Any CPU
		{B395BB17-9F21-4585-AB31-CD1AE943F38A}.Release|Any CPU.ActiveCfg = Release|Any CPU
		{B395BB17-9F21-4585-AB31-CD1AE943F38A}.Release|Any CPU.Build.0 = Release|Any CPU
		{40AA1598-A948-4394-8EE1-0914418ED4CF}.Debug|Any CPU.ActiveCfg = Debug|Any CPU
		{40AA1598-A948-4394-8EE1-0914418ED4CF}.Debug|Any CPU.Build.0 = Debug|Any CPU
		{40AA1598-A948-4394-8EE1-0914418ED4CF}.Release|Any CPU.ActiveCfg = Release|Any CPU
		{40AA1598-A948-4394-8EE1-0914418ED4CF}.Release|Any CPU.Build.0 = Release|Any CPU
		{EC8EB233-AA8F-4719-9A76-3CC215E9E4BA}.Debug|Any CPU.ActiveCfg = Debug|Any CPU
		{EC8EB233-AA8F-4719-9A76-3CC215E9E4BA}.Debug|Any CPU.Build.0 = Debug|Any CPU
		{EC8EB233-AA8F-4719-9A76-3CC215E9E4BA}.Release|Any CPU.ActiveCfg = Release|Any CPU
		{EC8EB233-AA8F-4719-9A76-3CC215E9E4BA}.Release|Any CPU.Build.0 = Release|Any CPU
		{9CDB7151-A58F-4D2C-9A45-9CFBC91630E6}.Debug|Any CPU.ActiveCfg = Debug|Any CPU
		{9CDB7151-A58F-4D2C-9A45-9CFBC91630E6}.Debug|Any CPU.Build.0 = Debug|Any CPU
		{9CDB7151-A58F-4D2C-9A45-9CFBC91630E6}.Release|Any CPU.ActiveCfg = Release|Any CPU
		{9CDB7151-A58F-4D2C-9A45-9CFBC91630E6}.Release|Any CPU.Build.0 = Release|Any CPU
		{6183DCF1-A2C3-411C-A77D-BCAE2371005E}.Debug|Any CPU.ActiveCfg = Debug|Any CPU
		{6183DCF1-A2C3-411C-A77D-BCAE2371005E}.Debug|Any CPU.Build.0 = Debug|Any CPU
		{6183DCF1-A2C3-411C-A77D-BCAE2371005E}.Release|Any CPU.ActiveCfg = Release|Any CPU
		{6183DCF1-A2C3-411C-A77D-BCAE2371005E}.Release|Any CPU.Build.0 = Release|Any CPU
		{2C8C5929-45CD-4CD4-9967-E5D645406EE8}.Debug|Any CPU.ActiveCfg = Debug|Any CPU
		{2C8C5929-45CD-4CD4-9967-E5D645406EE8}.Debug|Any CPU.Build.0 = Debug|Any CPU
		{2C8C5929-45CD-4CD4-9967-E5D645406EE8}.Release|Any CPU.ActiveCfg = Release|Any CPU
		{2C8C5929-45CD-4CD4-9967-E5D645406EE8}.Release|Any CPU.Build.0 = Release|Any CPU
		{25CCE880-31EC-4B5E-B6DC-C94F681043B3}.Debug|Any CPU.ActiveCfg = Debug|Any CPU
		{25CCE880-31EC-4B5E-B6DC-C94F681043B3}.Debug|Any CPU.Build.0 = Debug|Any CPU
		{25CCE880-31EC-4B5E-B6DC-C94F681043B3}.Release|Any CPU.ActiveCfg = Release|Any CPU
		{25CCE880-31EC-4B5E-B6DC-C94F681043B3}.Release|Any CPU.Build.0 = Release|Any CPU
		{F3D13C52-7029-41A2-95F6-E57EB2E36662}.Debug|Any CPU.ActiveCfg = Debug|Any CPU
		{F3D13C52-7029-41A2-95F6-E57EB2E36662}.Debug|Any CPU.Build.0 = Debug|Any CPU
		{F3D13C52-7029-41A2-95F6-E57EB2E36662}.Release|Any CPU.ActiveCfg = Release|Any CPU
		{F3D13C52-7029-41A2-95F6-E57EB2E36662}.Release|Any CPU.Build.0 = Release|Any CPU
		{6AC4436A-D5C7-41F4-8B5B-65A6445CCAA4}.Debug|Any CPU.ActiveCfg = Debug|Any CPU
		{6AC4436A-D5C7-41F4-8B5B-65A6445CCAA4}.Debug|Any CPU.Build.0 = Debug|Any CPU
		{6AC4436A-D5C7-41F4-8B5B-65A6445CCAA4}.Release|Any CPU.ActiveCfg = Release|Any CPU
		{6AC4436A-D5C7-41F4-8B5B-65A6445CCAA4}.Release|Any CPU.Build.0 = Release|Any CPU
		{30A0F66B-90A8-40E9-82C1-92CA27B58934}.Debug|Any CPU.ActiveCfg = Debug|Any CPU
		{30A0F66B-90A8-40E9-82C1-92CA27B58934}.Debug|Any CPU.Build.0 = Debug|Any CPU
		{30A0F66B-90A8-40E9-82C1-92CA27B58934}.Release|Any CPU.ActiveCfg = Release|Any CPU
		{30A0F66B-90A8-40E9-82C1-92CA27B58934}.Release|Any CPU.Build.0 = Release|Any CPU
	EndGlobalSection
	GlobalSection(SolutionProperties) = preSolution
		HideSolutionNode = FALSE
	EndGlobalSection
	GlobalSection(ExtensibilityGlobals) = postSolution
		SolutionGuid = {619885F1-B3FB-482A-B9C5-198B7D3AFB8A}
	EndGlobalSection
EndGlobal
